{
  "name": "kron-ui-framework",
  "version": "0.0.1",
  "lockfileVersion": 2,
  "requires": true,
  "packages": {
    "": {
      "version": "0.0.1",
      "license": "MIT",
      "dependencies": {
<<<<<<< Updated upstream
        "@stencil/core": "^2.0.1"
=======
        "@stencil/core": "^2.0.1",
        "@stencil/sass": "^1.4.1"
>>>>>>> Stashed changes
      }
    },
    "node_modules/@stencil/core": {
      "version": "2.5.0",
      "resolved": "https://registry.npmjs.org/@stencil/core/-/core-2.5.0.tgz",
      "integrity": "sha512-gpoYJEYzu5LV2hr7uPZklug3zXhEbYGKyNodPfmOOYZtO9q42l7RQ3cAnC8MzEoF4jFrfemgtevGik8sqn9ClQ==",
      "bin": {
        "stencil": "bin/stencil"
      },
      "engines": {
        "node": ">=12.10.0",
        "npm": ">=6.0.0"
      }
<<<<<<< Updated upstream
=======
    },
    "node_modules/@stencil/sass": {
      "version": "1.4.1",
      "resolved": "https://registry.npmjs.org/@stencil/sass/-/sass-1.4.1.tgz",
      "integrity": "sha512-aFKoqtxZ/8BRbvNFiWRycGiqvMI22Ifn5qsKfq0U23j43XD81jT6d7K0WQd55ejNpoSpdxJcbOuFgQy3mXizfA==",
      "peerDependencies": {
        "@stencil/core": ">=1.0.2"
      }
>>>>>>> Stashed changes
    }
  },
  "dependencies": {
    "@stencil/core": {
      "version": "2.5.0",
      "resolved": "https://registry.npmjs.org/@stencil/core/-/core-2.5.0.tgz",
      "integrity": "sha512-gpoYJEYzu5LV2hr7uPZklug3zXhEbYGKyNodPfmOOYZtO9q42l7RQ3cAnC8MzEoF4jFrfemgtevGik8sqn9ClQ=="
<<<<<<< Updated upstream
=======
    },
    "@stencil/sass": {
      "version": "1.4.1",
      "resolved": "https://registry.npmjs.org/@stencil/sass/-/sass-1.4.1.tgz",
      "integrity": "sha512-aFKoqtxZ/8BRbvNFiWRycGiqvMI22Ifn5qsKfq0U23j43XD81jT6d7K0WQd55ejNpoSpdxJcbOuFgQy3mXizfA==",
      "requires": {}
>>>>>>> Stashed changes
    }
  }
}
